{
  "name": "@withkord/dork",
  "version": "0.5.0",
  "lockfileVersion": 3,
  "requires": true,
  "packages": {
    "": {
      "name": "@withkord/dork",
      "version": "0.5.0",
      "license": "MIT",
      "os": [
        "darwin",
        "linux"
      ],
      "bin": {
        "dork": "bin/dork",
        "dork-db": "bin/dork-db"
      }
    }
  }
}
